{
  "name": "tempero-regional",
  "version": "1.0.0",
  "description": "Descrição do seu projeto",
  "main": "index.js",
  "scripts": {
    "test": "echo \"No tests configured\" && exit 0",
    "start": "node index.js"
  },
  "keywords": [],
  "author": "Seu Nome",
  "license": "ISC",
  "dependencies": {
    // Suas dependências aqui
  },
  "devDependencies": {
    // Suas dependências de desenvolvimento aqui
  }
}
